
Microsoft Visual Studio Solution File, Format Version 12.00
# Visual Studio 2012
Project("{FAE04EC0-301F-11D3-BF4B-00C04F79EFBC}") = "FlightPlan", "FlightPlan\FlightPlan.csproj", "{498E40CE-0C56-4150-871F-69914C08BD34}"
EndProject
Global
	GlobalSection(SolutionConfigurationPlatforms) = preSolution
		Debug|Any CPU = Debug|Any CPU
		Release|Any CPU = Release|Any CPU
	EndGlobalSection
	GlobalSection(ProjectConfigurationPlatforms) = postSolution
		{498E40CE-0C56-4150-871F-69914C08BD34}.Debug|Any CPU.ActiveCfg = Debug|Any CPU
		{498E40CE-0C56-4150-871F-69914C08BD34}.Debug|Any CPU.Build.0 = Debug|Any CPU
		{498E40CE-0C56-4150-871F-69914C08BD34}.Release|Any CPU.ActiveCfg = Release|Any CPU
		{498E40CE-0C56-4150-871F-69914C08BD34}.Release|Any CPU.Build.0 = Release|Any CPU
	EndGlobalSection
EndGlobal
